
Microsoft Visual Studio Solution File, Format Version 12.00
# Visual Studio Version 17
VisualStudioVersion = 17.0.32126.317
MinimumVisualStudioVersion = 10.0.40219.1
Project("{9A19103F-16F7-4668-BE54-9A1E7A4F7556}") = "ControleFinanceiro.API", "ControleFinanceiro.API\ControleFinanceiro.API.csproj", "{A1EC4672-4527-4735-99DD-424857249EA6}"
EndProject
Project("{FAE04EC0-301F-11D3-BF4B-00C04F79EFBC}") = "ControleFinanceiro.BLL", "..\ControleFinanceiro.BLL\ControleFinanceiro.BLL.csproj", "{DC7E5A53-308D-4F7C-A088-C9E13D783DEE}"
EndProject
Project("{FAE04EC0-301F-11D3-BF4B-00C04F79EFBC}") = "ControleFinanceiro.DAL", "..\ControleFinanceiro.DAL\ControleFinanceiro.DAL.csproj", "{1D8FAF07-8597-46D3-92BF-C38A394C2D30}"
EndProject
Global
	GlobalSection(SolutionConfigurationPlatforms) = preSolution
		Debug|Any CPU = Debug|Any CPU
		Release|Any CPU = Release|Any CPU
	EndGlobalSection
	GlobalSection(ProjectConfigurationPlatforms) = postSolution
		{A1EC4672-4527-4735-99DD-424857249EA6}.Debug|Any CPU.ActiveCfg = Debug|Any CPU
		{A1EC4672-4527-4735-99DD-424857249EA6}.Debug|Any CPU.Build.0 = Debug|Any CPU
		{A1EC4672-4527-4735-99DD-424857249EA6}.Release|Any CPU.ActiveCfg = Release|Any CPU
		{A1EC4672-4527-4735-99DD-424857249EA6}.Release|Any CPU.Build.0 = Release|Any CPU
		{DC7E5A53-308D-4F7C-A088-C9E13D783DEE}.Debug|Any CPU.ActiveCfg = Debug|Any CPU
		{DC7E5A53-308D-4F7C-A088-C9E13D783DEE}.Debug|Any CPU.Build.0 = Debug|Any CPU
		{DC7E5A53-308D-4F7C-A088-C9E13D783DEE}.Release|Any CPU.ActiveCfg = Release|Any CPU
		{DC7E5A53-308D-4F7C-A088-C9E13D783DEE}.Release|Any CPU.Build.0 = Release|Any CPU
		{1D8FAF07-8597-46D3-92BF-C38A394C2D30}.Debug|Any CPU.ActiveCfg = Debug|Any CPU
		{1D8FAF07-8597-46D3-92BF-C38A394C2D30}.Debug|Any CPU.Build.0 = Debug|Any CPU
		{1D8FAF07-8597-46D3-92BF-C38A394C2D30}.Release|Any CPU.ActiveCfg = Release|Any CPU
		{1D8FAF07-8597-46D3-92BF-C38A394C2D30}.Release|Any CPU.Build.0 = Release|Any CPU
	EndGlobalSection
	GlobalSection(SolutionProperties) = preSolution
		HideSolutionNode = FALSE
	EndGlobalSection
	GlobalSection(ExtensibilityGlobals) = postSolution
		SolutionGuid = {A188B415-87F0-4B28-92DB-46038EA476D6}
	EndGlobalSection
EndGlobal
